Microsoft Visual Studio Solution File, Format Version 12.00
# Visual Studio 14
Project("{8BC9CEB8-8B4A-11D0-8D11-00A0C91BC942}") = "ALL_BUILD", "ALL_BUILD.vcxproj", "{4F4F5CAB-CE20-34AE-9A49-D22CF81E6723}"
	ProjectSection(ProjectDependencies) = postProject
		{74388FD1-BA1D-3A6F-B51D-6AF72BD69E4F} = {74388FD1-BA1D-3A6F-B51D-6AF72BD69E4F}
		{E1545537-BCE5-3D25-82B1-C768A8446193} = {E1545537-BCE5-3D25-82B1-C768A8446193}
	EndProjectSection
EndProject
Project("{8BC9CEB8-8B4A-11D0-8D11-00A0C91BC942}") = "INSTALL", "INSTALL.vcxproj", "{780C871C-40BC-36CA-AAFE-0F1DCB31A19F}"
	ProjectSection(ProjectDependencies) = postProject
		{4F4F5CAB-CE20-34AE-9A49-D22CF81E6723} = {4F4F5CAB-CE20-34AE-9A49-D22CF81E6723}
		{74388FD1-BA1D-3A6F-B51D-6AF72BD69E4F} = {74388FD1-BA1D-3A6F-B51D-6AF72BD69E4F}
	EndProjectSection
EndProject
Project("{8BC9CEB8-8B4A-11D0-8D11-00A0C91BC942}") = "PACKAGE", "PACKAGE.vcxproj", "{53719D8A-C01A-3B44-AD96-D7A80A165852}"
	ProjectSection(ProjectDependencies) = postProject
		{4F4F5CAB-CE20-34AE-9A49-D22CF81E6723} = {4F4F5CAB-CE20-34AE-9A49-D22CF81E6723}
		{74388FD1-BA1D-3A6F-B51D-6AF72BD69E4F} = {74388FD1-BA1D-3A6F-B51D-6AF72BD69E4F}
	EndProjectSection
EndProject
Project("{8BC9CEB8-8B4A-11D0-8D11-00A0C91BC942}") = "ZERO_CHECK", "..\..\\ZERO_CHECK.vcxproj", "{74388FD1-BA1D-3A6F-B51D-6AF72BD69E4F}"
	ProjectSection(ProjectDependencies) = postProject
	EndProjectSection
EndProject
Project("{8BC9CEB8-8B4A-11D0-8D11-00A0C91BC942}") = "caption", "..\..\deps\libcaption\caption.vcxproj", "{AF4A1F99-7BF6-30A5-BE7D-9F7F934AEED5}"
	ProjectSection(ProjectDependencies) = postProject
		{74388FD1-BA1D-3A6F-B51D-6AF72BD69E4F} = {74388FD1-BA1D-3A6F-B51D-6AF72BD69E4F}
	EndProjectSection
EndProject
Project("{8BC9CEB8-8B4A-11D0-8D11-00A0C91BC942}") = "jansson", "..\..\deps\jansson\jansson.vcxproj", "{ECE47194-4F08-3C4C-8B57-77BDFABB743A}"
	ProjectSection(ProjectDependencies) = postProject
		{74388FD1-BA1D-3A6F-B51D-6AF72BD69E4F} = {74388FD1-BA1D-3A6F-B51D-6AF72BD69E4F}
	EndProjectSection
EndProject
Project("{8BC9CEB8-8B4A-11D0-8D11-00A0C91BC942}") = "libobs", "..\..\libobs\libobs.vcxproj", "{800805AD-13C5-3E02-A1EC-BB4952B83165}"
	ProjectSection(ProjectDependencies) = postProject
		{74388FD1-BA1D-3A6F-B51D-6AF72BD69E4F} = {74388FD1-BA1D-3A6F-B51D-6AF72BD69E4F}
		{AF4A1F99-7BF6-30A5-BE7D-9F7F934AEED5} = {AF4A1F99-7BF6-30A5-BE7D-9F7F934AEED5}
		{ECE47194-4F08-3C4C-8B57-77BDFABB743A} = {ECE47194-4F08-3C4C-8B57-77BDFABB743A}
		{FF270724-5B91-3355-BF68-C8B0104E9838} = {FF270724-5B91-3355-BF68-C8B0104E9838}
	EndProjectSection
EndProject
Project("{8BC9CEB8-8B4A-11D0-8D11-00A0C91BC942}") = "text-freetype2", "text-freetype2.vcxproj", "{E1545537-BCE5-3D25-82B1-C768A8446193}"
	ProjectSection(ProjectDependencies) = postProject
		{74388FD1-BA1D-3A6F-B51D-6AF72BD69E4F} = {74388FD1-BA1D-3A6F-B51D-6AF72BD69E4F}
		{800805AD-13C5-3E02-A1EC-BB4952B83165} = {800805AD-13C5-3E02-A1EC-BB4952B83165}
	EndProjectSection
EndProject
Project("{8BC9CEB8-8B4A-11D0-8D11-00A0C91BC942}") = "w32-pthreads", "..\..\deps\w32-pthreads\w32-pthreads.vcxproj", "{FF270724-5B91-3355-BF68-C8B0104E9838}"
	ProjectSection(ProjectDependencies) = postProject
		{74388FD1-BA1D-3A6F-B51D-6AF72BD69E4F} = {74388FD1-BA1D-3A6F-B51D-6AF72BD69E4F}
	EndProjectSection
EndProject
Global
	GlobalSection(SolutionConfigurationPlatforms) = preSolution
		Debug|x64 = Debug|x64
		Release|x64 = Release|x64
		MinSizeRel|x64 = MinSizeRel|x64
		RelWithDebInfo|x64 = RelWithDebInfo|x64
	EndGlobalSection
	GlobalSection(ProjectConfigurationPlatforms) = postSolution
		{4F4F5CAB-CE20-34AE-9A49-D22CF81E6723}.Debug|x64.ActiveCfg = Debug|x64
		{4F4F5CAB-CE20-34AE-9A49-D22CF81E6723}.Debug|x64.Build.0 = Debug|x64
		{4F4F5CAB-CE20-34AE-9A49-D22CF81E6723}.Release|x64.ActiveCfg = Release|x64
		{4F4F5CAB-CE20-34AE-9A49-D22CF81E6723}.Release|x64.Build.0 = Release|x64
		{4F4F5CAB-CE20-34AE-9A49-D22CF81E6723}.MinSizeRel|x64.ActiveCfg = MinSizeRel|x64
		{4F4F5CAB-CE20-34AE-9A49-D22CF81E6723}.MinSizeRel|x64.Build.0 = MinSizeRel|x64
		{4F4F5CAB-CE20-34AE-9A49-D22CF81E6723}.RelWithDebInfo|x64.ActiveCfg = RelWithDebInfo|x64
		{4F4F5CAB-CE20-34AE-9A49-D22CF81E6723}.RelWithDebInfo|x64.Build.0 = RelWithDebInfo|x64
		{780C871C-40BC-36CA-AAFE-0F1DCB31A19F}.Debug|x64.ActiveCfg = Debug|x64
		{780C871C-40BC-36CA-AAFE-0F1DCB31A19F}.Release|x64.ActiveCfg = Release|x64
		{780C871C-40BC-36CA-AAFE-0F1DCB31A19F}.MinSizeRel|x64.ActiveCfg = MinSizeRel|x64
		{780C871C-40BC-36CA-AAFE-0F1DCB31A19F}.RelWithDebInfo|x64.ActiveCfg = RelWithDebInfo|x64
		{53719D8A-C01A-3B44-AD96-D7A80A165852}.Debug|x64.ActiveCfg = Debug|x64
		{53719D8A-C01A-3B44-AD96-D7A80A165852}.Release|x64.ActiveCfg = Release|x64
		{53719D8A-C01A-3B44-AD96-D7A80A165852}.MinSizeRel|x64.ActiveCfg = MinSizeRel|x64
		{53719D8A-C01A-3B44-AD96-D7A80A165852}.RelWithDebInfo|x64.ActiveCfg = RelWithDebInfo|x64
		{74388FD1-BA1D-3A6F-B51D-6AF72BD69E4F}.Debug|x64.ActiveCfg = Debug|x64
		{74388FD1-BA1D-3A6F-B51D-6AF72BD69E4F}.Debug|x64.Build.0 = Debug|x64
		{74388FD1-BA1D-3A6F-B51D-6AF72BD69E4F}.Release|x64.ActiveCfg = Release|x64
		{74388FD1-BA1D-3A6F-B51D-6AF72BD69E4F}.Release|x64.Build.0 = Release|x64
		{74388FD1-BA1D-3A6F-B51D-6AF72BD69E4F}.MinSizeRel|x64.ActiveCfg = MinSizeRel|x64
		{74388FD1-BA1D-3A6F-B51D-6AF72BD69E4F}.MinSizeRel|x64.Build.0 = MinSizeRel|x64
		{74388FD1-BA1D-3A6F-B51D-6AF72BD69E4F}.RelWithDebInfo|x64.ActiveCfg = RelWithDebInfo|x64
		{74388FD1-BA1D-3A6F-B51D-6AF72BD69E4F}.RelWithDebInfo|x64.Build.0 = RelWithDebInfo|x64
		{AF4A1F99-7BF6-30A5-BE7D-9F7F934AEED5}.Debug|x64.ActiveCfg = Debug|x64
		{AF4A1F99-7BF6-30A5-BE7D-9F7F934AEED5}.Debug|x64.Build.0 = Debug|x64
		{AF4A1F99-7BF6-30A5-BE7D-9F7F934AEED5}.Release|x64.ActiveCfg = Release|x64
		{AF4A1F99-7BF6-30A5-BE7D-9F7F934AEED5}.Release|x64.Build.0 = Release|x64
		{AF4A1F99-7BF6-30A5-BE7D-9F7F934AEED5}.MinSizeRel|x64.ActiveCfg = MinSizeRel|x64
		{AF4A1F99-7BF6-30A5-BE7D-9F7F934AEED5}.MinSizeRel|x64.Build.0 = MinSizeRel|x64
		{AF4A1F99-7BF6-30A5-BE7D-9F7F934AEED5}.RelWithDebInfo|x64.ActiveCfg = RelWithDebInfo|x64
		{AF4A1F99-7BF6-30A5-BE7D-9F7F934AEED5}.RelWithDebInfo|x64.Build.0 = RelWithDebInfo|x64
		{ECE47194-4F08-3C4C-8B57-77BDFABB743A}.Debug|x64.ActiveCfg = Debug|x64
		{ECE47194-4F08-3C4C-8B57-77BDFABB743A}.Debug|x64.Build.0 = Debug|x64
		{ECE47194-4F08-3C4C-8B57-77BDFABB743A}.Release|x64.ActiveCfg = Release|x64
		{ECE47194-4F08-3C4C-8B57-77BDFABB743A}.Release|x64.Build.0 = Release|x64
		{ECE47194-4F08-3C4C-8B57-77BDFABB743A}.MinSizeRel|x64.ActiveCfg = MinSizeRel|x64
		{ECE47194-4F08-3C4C-8B57-77BDFABB743A}.MinSizeRel|x64.Build.0 = MinSizeRel|x64
		{ECE47194-4F08-3C4C-8B57-77BDFABB743A}.RelWithDebInfo|x64.ActiveCfg = RelWithDebInfo|x64
		{ECE47194-4F08-3C4C-8B57-77BDFABB743A}.RelWithDebInfo|x64.Build.0 = RelWithDebInfo|x64
		{800805AD-13C5-3E02-A1EC-BB4952B83165}.Debug|x64.ActiveCfg = Debug|x64
		{800805AD-13C5-3E02-A1EC-BB4952B83165}.Debug|x64.Build.0 = Debug|x64
		{800805AD-13C5-3E02-A1EC-BB4952B83165}.Release|x64.ActiveCfg = Release|x64
		{800805AD-13C5-3E02-A1EC-BB4952B83165}.Release|x64.Build.0 = Release|x64
		{800805AD-13C5-3E02-A1EC-BB4952B83165}.MinSizeRel|x64.ActiveCfg = MinSizeRel|x64
		{800805AD-13C5-3E02-A1EC-BB4952B83165}.MinSizeRel|x64.Build.0 = MinSizeRel|x64
		{800805AD-13C5-3E02-A1EC-BB4952B83165}.RelWithDebInfo|x64.ActiveCfg = RelWithDebInfo|x64
		{800805AD-13C5-3E02-A1EC-BB4952B83165}.RelWithDebInfo|x64.Build.0 = RelWithDebInfo|x64
		{E1545537-BCE5-3D25-82B1-C768A8446193}.Debug|x64.ActiveCfg = Debug|x64
		{E1545537-BCE5-3D25-82B1-C768A8446193}.Debug|x64.Build.0 = Debug|x64
		{E1545537-BCE5-3D25-82B1-C768A8446193}.Release|x64.ActiveCfg = Release|x64
		{E1545537-BCE5-3D25-82B1-C768A8446193}.Release|x64.Build.0 = Release|x64
		{E1545537-BCE5-3D25-82B1-C768A8446193}.MinSizeRel|x64.ActiveCfg = MinSizeRel|x64
		{E1545537-BCE5-3D25-82B1-C768A8446193}.MinSizeRel|x64.Build.0 = MinSizeRel|x64
		{E1545537-BCE5-3D25-82B1-C768A8446193}.RelWithDebInfo|x64.ActiveCfg = RelWithDebInfo|x64
		{E1545537-BCE5-3D25-82B1-C768A8446193}.RelWithDebInfo|x64.Build.0 = RelWithDebInfo|x64
		{FF270724-5B91-3355-BF68-C8B0104E9838}.Debug|x64.ActiveCfg = Debug|x64
		{FF270724-5B91-3355-BF68-C8B0104E9838}.Debug|x64.Build.0 = Debug|x64
		{FF270724-5B91-3355-BF68-C8B0104E9838}.Release|x64.ActiveCfg = Release|x64
		{FF270724-5B91-3355-BF68-C8B0104E9838}.Release|x64.Build.0 = Release|x64
		{FF270724-5B91-3355-BF68-C8B0104E9838}.MinSizeRel|x64.ActiveCfg = MinSizeRel|x64
		{FF270724-5B91-3355-BF68-C8B0104E9838}.MinSizeRel|x64.Build.0 = MinSizeRel|x64
		{FF270724-5B91-3355-BF68-C8B0104E9838}.RelWithDebInfo|x64.ActiveCfg = RelWithDebInfo|x64
		{FF270724-5B91-3355-BF68-C8B0104E9838}.RelWithDebInfo|x64.Build.0 = RelWithDebInfo|x64
	EndGlobalSection
	GlobalSection(ExtensibilityGlobals) = postSolution
	EndGlobalSection
	GlobalSection(ExtensibilityAddIns) = postSolution
	EndGlobalSection
EndGlobal
