<?xml version="1.0" encoding="UTF-8"?>
<Project ToolsVersion="14.0" xmlns="http://schemas.microsoft.com/developer/msbuild/2003">
  <ItemGroup>
    <ClCompile Include="D:\workspace_cpp\obs-studio\plugins\obs-qsv11\common_directx9.cpp">
      <Filter>obs-qsv11\Source Files</Filter>
    </ClCompile>
    <ClCompile Include="D:\workspace_cpp\obs-studio\plugins\obs-qsv11\common_directx11.cpp">
      <Filter>obs-qsv11\Source Files</Filter>
    </ClCompile>
    <ClCompile Include="D:\workspace_cpp\obs-studio\plugins\obs-qsv11\common_utils.cpp">
      <Filter>obs-qsv11\Source Files</Filter>
    </ClCompile>
    <ClCompile Include="D:\workspace_cpp\obs-studio\plugins\obs-qsv11\common_utils_windows.cpp">
      <Filter>obs-qsv11\Source Files</Filter>
    </ClCompile>
    <ClCompile Include="D:\workspace_cpp\obs-studio\plugins\obs-qsv11\device_directx9.cpp">
      <Filter>obs-qsv11\Source Files</Filter>
    </ClCompile>
    <ClCompile Include="D:\workspace_cpp\obs-studio\plugins\obs-qsv11\QSV_Encoder.cpp">
      <Filter>obs-qsv11\Source Files</Filter>
    </ClCompile>
    <ClCompile Include="D:\workspace_cpp\obs-studio\plugins\obs-qsv11\QSV_Encoder_Internal.cpp">
      <Filter>obs-qsv11\Source Files</Filter>
    </ClCompile>
    <ClCompile Include="D:\workspace_cpp\obs-studio\plugins\obs-qsv11\obs-qsv11.c">
      <Filter>obs-qsv11\Source Files</Filter>
    </ClCompile>
    <ClCompile Include="D:\workspace_cpp\obs-studio\plugins\obs-qsv11\obs-qsv11-plugin-main.c">
      <Filter>obs-qsv11\Source Files</Filter>
    </ClCompile>
    <ClCompile Include="D:\workspace_cpp\obs-studio\plugins\obs-qsv11\libmfx\src\main.cpp">
      <Filter>libmfx\Source Files</Filter>
    </ClCompile>
    <ClCompile Include="D:\workspace_cpp\obs-studio\plugins\obs-qsv11\libmfx\src\mfx_critical_section.cpp">
      <Filter>libmfx\Source Files</Filter>
    </ClCompile>
    <ClCompile Include="D:\workspace_cpp\obs-studio\plugins\obs-qsv11\libmfx\src\mfx_dispatcher.cpp">
      <Filter>libmfx\Source Files</Filter>
    </ClCompile>
    <ClCompile Include="D:\workspace_cpp\obs-studio\plugins\obs-qsv11\libmfx\src\mfx_dispatcher_log.cpp">
      <Filter>libmfx\Source Files</Filter>
    </ClCompile>
    <ClCompile Include="D:\workspace_cpp\obs-studio\plugins\obs-qsv11\libmfx\src\mfx_dxva2_device.cpp">
      <Filter>libmfx\Source Files</Filter>
    </ClCompile>
    <ClCompile Include="D:\workspace_cpp\obs-studio\plugins\obs-qsv11\libmfx\src\mfx_function_table.cpp">
      <Filter>libmfx\Source Files</Filter>
    </ClCompile>
    <ClCompile Include="D:\workspace_cpp\obs-studio\plugins\obs-qsv11\libmfx\src\mfx_library_iterator.cpp">
      <Filter>libmfx\Source Files</Filter>
    </ClCompile>
    <ClCompile Include="D:\workspace_cpp\obs-studio\plugins\obs-qsv11\libmfx\src\mfx_load_dll.cpp">
      <Filter>libmfx\Source Files</Filter>
    </ClCompile>
    <ClCompile Include="D:\workspace_cpp\obs-studio\plugins\obs-qsv11\libmfx\src\mfx_load_plugin.cpp">
      <Filter>libmfx\Source Files</Filter>
    </ClCompile>
    <ClCompile Include="D:\workspace_cpp\obs-studio\plugins\obs-qsv11\libmfx\src\mfx_plugin_hive.cpp">
      <Filter>libmfx\Source Files</Filter>
    </ClCompile>
    <ClCompile Include="D:\workspace_cpp\obs-studio\plugins\obs-qsv11\libmfx\src\mfx_win_reg_key.cpp">
      <Filter>libmfx\Source Files</Filter>
    </ClCompile>
  </ItemGroup>
  <ItemGroup>
    <ClInclude Include="D:\workspace_cpp\obs-studio\plugins\obs-qsv11\bits\linux_defs.h">
      <Filter>obs-qsv11\Header Files</Filter>
    </ClInclude>
    <ClInclude Include="D:\workspace_cpp\obs-studio\plugins\obs-qsv11\bits\windows_defs.h">
      <Filter>obs-qsv11\Header Files</Filter>
    </ClInclude>
    <ClInclude Include="D:\workspace_cpp\obs-studio\plugins\obs-qsv11\common_directx9.h">
      <Filter>obs-qsv11\Header Files</Filter>
    </ClInclude>
    <ClInclude Include="D:\workspace_cpp\obs-studio\plugins\obs-qsv11\common_directx11.h">
      <Filter>obs-qsv11\Header Files</Filter>
    </ClInclude>
    <ClInclude Include="D:\workspace_cpp\obs-studio\plugins\obs-qsv11\device_directx9.h">
      <Filter>obs-qsv11\Header Files</Filter>
    </ClInclude>
    <ClInclude Include="D:\workspace_cpp\obs-studio\plugins\obs-qsv11\common_utils.h">
      <Filter>obs-qsv11\Header Files</Filter>
    </ClInclude>
    <ClInclude Include="D:\workspace_cpp\obs-studio\plugins\obs-qsv11\QSV_Encoder.h">
      <Filter>obs-qsv11\Header Files</Filter>
    </ClInclude>
    <ClInclude Include="D:\workspace_cpp\obs-studio\plugins\obs-qsv11\QSV_Encoder_Internal.h">
      <Filter>obs-qsv11\Header Files</Filter>
    </ClInclude>
    <ClInclude Include="D:\workspace_cpp\obs-studio\plugins\obs-qsv11\libmfx\include\msdk\include\mfxastructures.h">
      <Filter>libmfx\Header Files</Filter>
    </ClInclude>
    <ClInclude Include="D:\workspace_cpp\obs-studio\plugins\obs-qsv11\libmfx\include\msdk\include\mfxaudio.h">
      <Filter>libmfx\Header Files</Filter>
    </ClInclude>
    <ClInclude Include="D:\workspace_cpp\obs-studio\plugins\obs-qsv11\libmfx\include\msdk\include\mfxaudio++.h">
      <Filter>libmfx\Header Files</Filter>
    </ClInclude>
    <ClInclude Include="D:\workspace_cpp\obs-studio\plugins\obs-qsv11\libmfx\include\msdk\include\mfxcommon.h">
      <Filter>libmfx\Header Files</Filter>
    </ClInclude>
    <ClInclude Include="D:\workspace_cpp\obs-studio\plugins\obs-qsv11\libmfx\include\msdk\include\mfxdefs.h">
      <Filter>libmfx\Header Files</Filter>
    </ClInclude>
    <ClInclude Include="D:\workspace_cpp\obs-studio\plugins\obs-qsv11\libmfx\include\msdk\include\mfxjpeg.h">
      <Filter>libmfx\Header Files</Filter>
    </ClInclude>
    <ClInclude Include="D:\workspace_cpp\obs-studio\plugins\obs-qsv11\libmfx\include\msdk\include\mfxmvc.h">
      <Filter>libmfx\Header Files</Filter>
    </ClInclude>
    <ClInclude Include="D:\workspace_cpp\obs-studio\plugins\obs-qsv11\libmfx\include\msdk\include\mfxplugin.h">
      <Filter>libmfx\Header Files</Filter>
    </ClInclude>
    <ClInclude Include="D:\workspace_cpp\obs-studio\plugins\obs-qsv11\libmfx\include\msdk\include\mfxplugin++.h">
      <Filter>libmfx\Header Files</Filter>
    </ClInclude>
    <ClInclude Include="D:\workspace_cpp\obs-studio\plugins\obs-qsv11\libmfx\include\msdk\include\mfxsession.h">
      <Filter>libmfx\Header Files</Filter>
    </ClInclude>
    <ClInclude Include="D:\workspace_cpp\obs-studio\plugins\obs-qsv11\libmfx\include\msdk\include\mfxstructures.h">
      <Filter>libmfx\Header Files</Filter>
    </ClInclude>
    <ClInclude Include="D:\workspace_cpp\obs-studio\plugins\obs-qsv11\libmfx\include\msdk\include\mfxvideo.h">
      <Filter>libmfx\Header Files</Filter>
    </ClInclude>
    <ClInclude Include="D:\workspace_cpp\obs-studio\plugins\obs-qsv11\libmfx\include\msdk\include\mfxvideo++.h">
      <Filter>libmfx\Header Files</Filter>
    </ClInclude>
    <ClInclude Include="D:\workspace_cpp\obs-studio\plugins\obs-qsv11\libmfx\include\msdk\include\mfxvstructures.h">
      <Filter>libmfx\Header Files</Filter>
    </ClInclude>
    <ClInclude Include="D:\workspace_cpp\obs-studio\plugins\obs-qsv11\libmfx\include\mfx_critical_section.h">
      <Filter>libmfx\Header Files</Filter>
    </ClInclude>
    <ClInclude Include="D:\workspace_cpp\obs-studio\plugins\obs-qsv11\libmfx\include\mfx_dispatcher.h">
      <Filter>libmfx\Header Files</Filter>
    </ClInclude>
    <ClInclude Include="D:\workspace_cpp\obs-studio\plugins\obs-qsv11\libmfx\include\mfx_dispatcher_defs.h">
      <Filter>libmfx\Header Files</Filter>
    </ClInclude>
    <ClInclude Include="D:\workspace_cpp\obs-studio\plugins\obs-qsv11\libmfx\include\mfx_dispatcher_log.h">
      <Filter>libmfx\Header Files</Filter>
    </ClInclude>
    <ClInclude Include="D:\workspace_cpp\obs-studio\plugins\obs-qsv11\libmfx\include\mfx_dxva2_device.h">
      <Filter>libmfx\Header Files</Filter>
    </ClInclude>
    <ClInclude Include="D:\workspace_cpp\obs-studio\plugins\obs-qsv11\libmfx\include\mfx_exposed_functions_list.h">
      <Filter>libmfx\Header Files</Filter>
    </ClInclude>
    <ClInclude Include="D:\workspace_cpp\obs-studio\plugins\obs-qsv11\libmfx\include\mfx_library_iterator.h">
      <Filter>libmfx\Header Files</Filter>
    </ClInclude>
    <ClInclude Include="D:\workspace_cpp\obs-studio\plugins\obs-qsv11\libmfx\include\mfx_load_dll.h">
      <Filter>libmfx\Header Files</Filter>
    </ClInclude>
    <ClInclude Include="D:\workspace_cpp\obs-studio\plugins\obs-qsv11\libmfx\include\mfx_load_plugin.h">
      <Filter>libmfx\Header Files</Filter>
    </ClInclude>
    <ClInclude Include="D:\workspace_cpp\obs-studio\plugins\obs-qsv11\libmfx\include\mfx_plugin_hive.h">
      <Filter>libmfx\Header Files</Filter>
    </ClInclude>
    <ClInclude Include="D:\workspace_cpp\obs-studio\plugins\obs-qsv11\libmfx\include\mfx_vector.h">
      <Filter>libmfx\Header Files</Filter>
    </ClInclude>
    <ClInclude Include="D:\workspace_cpp\obs-studio\plugins\obs-qsv11\libmfx\include\mfx_win_reg_key.h">
      <Filter>libmfx\Header Files</Filter>
    </ClInclude>
    <ClInclude Include="D:\workspace_cpp\obs-studio\plugins\obs-qsv11\libmfx\include\mfxaudio_exposed_functions_list.h">
      <Filter>libmfx\Header Files</Filter>
    </ClInclude>
  </ItemGroup>
  <ItemGroup>
    <CustomBuild Include="D:\workspace_cpp\obs-studio\plugins\obs-qsv11\CMakeLists.txt" />
  </ItemGroup>
  <ItemGroup>
    <Filter Include="obs-qsv11">
      <UniqueIdentifier>{4BE6F4AD-1DBE-3550-A888-55ACE32FE1A5}</UniqueIdentifier>
    </Filter>
    <Filter Include="libmfx">
      <UniqueIdentifier>{60B661DE-2D5B-39EC-A297-D9D214AB45ED}</UniqueIdentifier>
    </Filter>
    <Filter Include="obs-qsv11\Source Files">
      <UniqueIdentifier>{D0F2F5B0-9FAE-3886-A08B-9F1206515224}</UniqueIdentifier>
    </Filter>
    <Filter Include="obs-qsv11\Header Files">
      <UniqueIdentifier>{C90A7DE3-D06E-3E55-884D-F9A7D18418F0}</UniqueIdentifier>
    </Filter>
    <Filter Include="libmfx\Source Files">
      <UniqueIdentifier>{242775BB-E83D-3196-AE3E-B8D807523B52}</UniqueIdentifier>
    </Filter>
    <Filter Include="libmfx\Header Files">
      <UniqueIdentifier>{0B1881C4-878F-387B-9957-975C333D9E8F}</UniqueIdentifier>
    </Filter>
  </ItemGroup>
</Project>
