<?xml version="1.0" encoding="UTF-8"?>
<Project ToolsVersion="14.0" xmlns="http://schemas.microsoft.com/developer/msbuild/2003">
  <ItemGroup>
    <ClCompile Include="D:\workspace_cpp\obs-studio\plugins\obs-websocket\obs-websocket.cpp">
      <Filter>Source Files</Filter>
    </ClCompile>
    <ClCompile Include="D:\workspace_cpp\obs-studio\plugins\obs-websocket\WSServer.cpp">
      <Filter>Source Files</Filter>
    </ClCompile>
    <ClCompile Include="D:\workspace_cpp\obs-studio\plugins\obs-websocket\WSRequestHandler.cpp">
      <Filter>Source Files</Filter>
    </ClCompile>
    <ClCompile Include="D:\workspace_cpp\obs-studio\plugins\obs-websocket\WSEvents.cpp">
      <Filter>Source Files</Filter>
    </ClCompile>
    <ClCompile Include="D:\workspace_cpp\obs-studio\plugins\obs-websocket\Config.cpp">
      <Filter>Source Files</Filter>
    </ClCompile>
    <ClCompile Include="D:\workspace_cpp\obs-studio\plugins\obs-websocket\Utils.cpp">
      <Filter>Source Files</Filter>
    </ClCompile>
    <ClCompile Include="D:\workspace_cpp\obs-studio\plugins\obs-websocket\forms\settings-dialog.cpp">
      <Filter>Source Files</Filter>
    </ClCompile>
    <ClCompile Include="D:\workspace_cpp\obs-studio\build\plugins\obs-websocket\obs-websocket_automoc.cpp">
      <Filter>Source Files</Filter>
    </ClCompile>
  </ItemGroup>
  <ItemGroup>
    <ClInclude Include="D:\workspace_cpp\obs-studio\plugins\obs-websocket\obs-websocket.h">
      <Filter>Header Files</Filter>
    </ClInclude>
    <ClInclude Include="D:\workspace_cpp\obs-studio\plugins\obs-websocket\WSServer.h">
      <Filter>Header Files</Filter>
    </ClInclude>
    <ClInclude Include="D:\workspace_cpp\obs-studio\plugins\obs-websocket\WSRequestHandler.h">
      <Filter>Header Files</Filter>
    </ClInclude>
    <ClInclude Include="D:\workspace_cpp\obs-studio\plugins\obs-websocket\WSEvents.h">
      <Filter>Header Files</Filter>
    </ClInclude>
    <ClInclude Include="D:\workspace_cpp\obs-studio\plugins\obs-websocket\Config.h">
      <Filter>Header Files</Filter>
    </ClInclude>
    <ClInclude Include="D:\workspace_cpp\obs-studio\plugins\obs-websocket\Utils.h">
      <Filter>Header Files</Filter>
    </ClInclude>
    <ClInclude Include="D:\workspace_cpp\obs-studio\plugins\obs-websocket\forms\settings-dialog.h">
      <Filter>Header Files</Filter>
    </ClInclude>
  </ItemGroup>
  <ItemGroup>
    <CustomBuild Include="D:\workspace_cpp\obs-studio\plugins\obs-websocket\CMakeLists.txt" />
  </ItemGroup>
  <ItemGroup>
    <Filter Include="Source Files">
      <UniqueIdentifier>{8E564DFA-C133-3A8C-B009-A40265BDF416}</UniqueIdentifier>
    </Filter>
    <Filter Include="Header Files">
      <UniqueIdentifier>{E13042BC-D98A-35FB-A2D1-9A8ACA1592A7}</UniqueIdentifier>
    </Filter>
  </ItemGroup>
</Project>
