<?xml version="1.0" encoding="UTF-8"?>
<Project ToolsVersion="14.0" xmlns="http://schemas.microsoft.com/developer/msbuild/2003">
  <ItemGroup>
    <ClCompile Include="D:\workspace_cpp\obs-studio\libobs\callback\calldata.c">
      <Filter>callback\Source Files</Filter>
    </ClCompile>
    <ClCompile Include="D:\workspace_cpp\obs-studio\libobs\callback\decl.c">
      <Filter>callback\Source Files</Filter>
    </ClCompile>
    <ClCompile Include="D:\workspace_cpp\obs-studio\libobs\callback\signal.c">
      <Filter>callback\Source Files</Filter>
    </ClCompile>
    <ClCompile Include="D:\workspace_cpp\obs-studio\libobs\callback\proc.c">
      <Filter>callback\Source Files</Filter>
    </ClCompile>
    <ClCompile Include="D:\workspace_cpp\obs-studio\libobs\graphics\graphics-ffmpeg.c">
      <Filter>graphics\Source Files</Filter>
    </ClCompile>
    <ClCompile Include="D:\workspace_cpp\obs-studio\libobs\graphics\quat.c">
      <Filter>graphics\Source Files</Filter>
    </ClCompile>
    <ClCompile Include="D:\workspace_cpp\obs-studio\libobs\graphics\effect-parser.c">
      <Filter>graphics\Source Files</Filter>
    </ClCompile>
    <ClCompile Include="D:\workspace_cpp\obs-studio\libobs\graphics\axisang.c">
      <Filter>graphics\Source Files</Filter>
    </ClCompile>
    <ClCompile Include="D:\workspace_cpp\obs-studio\libobs\graphics\vec4.c">
      <Filter>graphics\Source Files</Filter>
    </ClCompile>
    <ClCompile Include="D:\workspace_cpp\obs-studio\libobs\graphics\vec2.c">
      <Filter>graphics\Source Files</Filter>
    </ClCompile>
    <ClCompile Include="D:\workspace_cpp\obs-studio\libobs\graphics\libnsgif\libnsgif.c">
      <Filter>graphics\Source Files</Filter>
    </ClCompile>
    <ClCompile Include="D:\workspace_cpp\obs-studio\libobs\graphics\texture-render.c">
      <Filter>graphics\Source Files</Filter>
    </ClCompile>
    <ClCompile Include="D:\workspace_cpp\obs-studio\libobs\graphics\image-file.c">
      <Filter>graphics\Source Files</Filter>
    </ClCompile>
    <ClCompile Include="D:\workspace_cpp\obs-studio\libobs\graphics\bounds.c">
      <Filter>graphics\Source Files</Filter>
    </ClCompile>
    <ClCompile Include="D:\workspace_cpp\obs-studio\libobs\graphics\matrix3.c">
      <Filter>graphics\Source Files</Filter>
    </ClCompile>
    <ClCompile Include="D:\workspace_cpp\obs-studio\libobs\graphics\matrix4.c">
      <Filter>graphics\Source Files</Filter>
    </ClCompile>
    <ClCompile Include="D:\workspace_cpp\obs-studio\libobs\graphics\vec3.c">
      <Filter>graphics\Source Files</Filter>
    </ClCompile>
    <ClCompile Include="D:\workspace_cpp\obs-studio\libobs\graphics\graphics.c">
      <Filter>graphics\Source Files</Filter>
    </ClCompile>
    <ClCompile Include="D:\workspace_cpp\obs-studio\libobs\graphics\shader-parser.c">
      <Filter>graphics\Source Files</Filter>
    </ClCompile>
    <ClCompile Include="D:\workspace_cpp\obs-studio\libobs\graphics\plane.c">
      <Filter>graphics\Source Files</Filter>
    </ClCompile>
    <ClCompile Include="D:\workspace_cpp\obs-studio\libobs\graphics\effect.c">
      <Filter>graphics\Source Files</Filter>
    </ClCompile>
    <ClCompile Include="D:\workspace_cpp\obs-studio\libobs\graphics\math-extra.c">
      <Filter>graphics\Source Files</Filter>
    </ClCompile>
    <ClCompile Include="D:\workspace_cpp\obs-studio\libobs\graphics\graphics-imports.c">
      <Filter>graphics\Source Files</Filter>
    </ClCompile>
    <ClCompile Include="D:\workspace_cpp\obs-studio\libobs\media-io\video-io.c">
      <Filter>media-io\Source Files</Filter>
    </ClCompile>
    <ClCompile Include="D:\workspace_cpp\obs-studio\libobs\media-io\video-fourcc.c">
      <Filter>media-io\Source Files</Filter>
    </ClCompile>
    <ClCompile Include="D:\workspace_cpp\obs-studio\libobs\media-io\video-matrices.c">
      <Filter>media-io\Source Files</Filter>
    </ClCompile>
    <ClCompile Include="D:\workspace_cpp\obs-studio\libobs\media-io\audio-io.c">
      <Filter>media-io\Source Files</Filter>
    </ClCompile>
    <ClCompile Include="D:\workspace_cpp\obs-studio\libobs\media-io\video-frame.c">
      <Filter>media-io\Source Files</Filter>
    </ClCompile>
    <ClCompile Include="D:\workspace_cpp\obs-studio\libobs\media-io\format-conversion.c">
      <Filter>media-io\Source Files</Filter>
    </ClCompile>
    <ClCompile Include="D:\workspace_cpp\obs-studio\libobs\media-io\audio-resampler-ffmpeg.c">
      <Filter>media-io\Source Files</Filter>
    </ClCompile>
    <ClCompile Include="D:\workspace_cpp\obs-studio\libobs\media-io\video-scaler-ffmpeg.c">
      <Filter>media-io\Source Files</Filter>
    </ClCompile>
    <ClCompile Include="D:\workspace_cpp\obs-studio\libobs\media-io\media-remux.c">
      <Filter>media-io\Source Files</Filter>
    </ClCompile>
    <ClCompile Include="D:\workspace_cpp\obs-studio\libobs\util\array-serializer.c">
      <Filter>util\Source Files</Filter>
    </ClCompile>
    <ClCompile Include="D:\workspace_cpp\obs-studio\libobs\util\file-serializer.c">
      <Filter>util\Source Files</Filter>
    </ClCompile>
    <ClCompile Include="D:\workspace_cpp\obs-studio\libobs\util\base.c">
      <Filter>util\Source Files</Filter>
    </ClCompile>
    <ClCompile Include="D:\workspace_cpp\obs-studio\libobs\util\platform.c">
      <Filter>util\Source Files</Filter>
    </ClCompile>
    <ClCompile Include="D:\workspace_cpp\obs-studio\libobs\util\cf-lexer.c">
      <Filter>util\Source Files</Filter>
    </ClCompile>
    <ClCompile Include="D:\workspace_cpp\obs-studio\libobs\util\bmem.c">
      <Filter>util\Source Files</Filter>
    </ClCompile>
    <ClCompile Include="D:\workspace_cpp\obs-studio\libobs\util\config-file.c">
      <Filter>util\Source Files</Filter>
    </ClCompile>
    <ClCompile Include="D:\workspace_cpp\obs-studio\libobs\util\lexer.c">
      <Filter>util\Source Files</Filter>
    </ClCompile>
    <ClCompile Include="D:\workspace_cpp\obs-studio\libobs\util\dstr.c">
      <Filter>util\Source Files</Filter>
    </ClCompile>
    <ClCompile Include="D:\workspace_cpp\obs-studio\libobs\util\utf8.c">
      <Filter>util\Source Files</Filter>
    </ClCompile>
    <ClCompile Include="D:\workspace_cpp\obs-studio\libobs\util\crc32.c">
      <Filter>util\Source Files</Filter>
    </ClCompile>
    <ClCompile Include="D:\workspace_cpp\obs-studio\libobs\util\text-lookup.c">
      <Filter>util\Source Files</Filter>
    </ClCompile>
    <ClCompile Include="D:\workspace_cpp\obs-studio\libobs\util\cf-parser.c">
      <Filter>util\Source Files</Filter>
    </ClCompile>
    <ClCompile Include="D:\workspace_cpp\obs-studio\libobs\util\profiler.c">
      <Filter>util\Source Files</Filter>
    </ClCompile>
    <ClCompile Include="D:\workspace_cpp\obs-studio\libobs\obs-win-crash-handler.c">
      <Filter>libobs\Source Files</Filter>
    </ClCompile>
    <ClCompile Include="D:\workspace_cpp\obs-studio\libobs\obs-windows.c">
      <Filter>libobs\Source Files</Filter>
    </ClCompile>
    <ClCompile Include="D:\workspace_cpp\obs-studio\libobs\util\threading-windows.c">
      <Filter>libobs\Source Files</Filter>
    </ClCompile>
    <ClCompile Include="D:\workspace_cpp\obs-studio\libobs\util\pipe-windows.c">
      <Filter>libobs\Source Files</Filter>
    </ClCompile>
    <ClCompile Include="D:\workspace_cpp\obs-studio\libobs\util\platform-windows.c">
      <Filter>libobs\Source Files</Filter>
    </ClCompile>
    <ClCompile Include="D:\workspace_cpp\obs-studio\libobs\obs-audio-controls.c">
      <Filter>libobs\Source Files</Filter>
    </ClCompile>
    <ClCompile Include="D:\workspace_cpp\obs-studio\libobs\obs-avc.c">
      <Filter>libobs\Source Files</Filter>
    </ClCompile>
    <ClCompile Include="D:\workspace_cpp\obs-studio\libobs\obs-encoder.c">
      <Filter>libobs\Source Files</Filter>
    </ClCompile>
    <ClCompile Include="D:\workspace_cpp\obs-studio\libobs\obs-service.c">
      <Filter>libobs\Source Files</Filter>
    </ClCompile>
    <ClCompile Include="D:\workspace_cpp\obs-studio\libobs\obs-source.c">
      <Filter>libobs\Source Files</Filter>
    </ClCompile>
    <ClCompile Include="D:\workspace_cpp\obs-studio\libobs\obs-source-deinterlace.c">
      <Filter>libobs\Source Files</Filter>
    </ClCompile>
    <ClCompile Include="D:\workspace_cpp\obs-studio\libobs\obs-source-transition.c">
      <Filter>libobs\Source Files</Filter>
    </ClCompile>
    <ClCompile Include="D:\workspace_cpp\obs-studio\libobs\obs-output.c">
      <Filter>libobs\Source Files</Filter>
    </ClCompile>
    <ClCompile Include="D:\workspace_cpp\obs-studio\libobs\obs-output-delay.c">
      <Filter>libobs\Source Files</Filter>
    </ClCompile>
    <ClCompile Include="D:\workspace_cpp\obs-studio\libobs\obs.c">
      <Filter>libobs\Source Files</Filter>
    </ClCompile>
    <ClCompile Include="D:\workspace_cpp\obs-studio\libobs\obs-properties.c">
      <Filter>libobs\Source Files</Filter>
    </ClCompile>
    <ClCompile Include="D:\workspace_cpp\obs-studio\libobs\obs-data.c">
      <Filter>libobs\Source Files</Filter>
    </ClCompile>
    <ClCompile Include="D:\workspace_cpp\obs-studio\libobs\obs-hotkey.c">
      <Filter>libobs\Source Files</Filter>
    </ClCompile>
    <ClCompile Include="D:\workspace_cpp\obs-studio\libobs\obs-hotkey-name-map.c">
      <Filter>libobs\Source Files</Filter>
    </ClCompile>
    <ClCompile Include="D:\workspace_cpp\obs-studio\libobs\obs-module.c">
      <Filter>libobs\Source Files</Filter>
    </ClCompile>
    <ClCompile Include="D:\workspace_cpp\obs-studio\libobs\obs-display.c">
      <Filter>libobs\Source Files</Filter>
    </ClCompile>
    <ClCompile Include="D:\workspace_cpp\obs-studio\libobs\obs-view.c">
      <Filter>libobs\Source Files</Filter>
    </ClCompile>
    <ClCompile Include="D:\workspace_cpp\obs-studio\libobs\obs-scene.c">
      <Filter>libobs\Source Files</Filter>
    </ClCompile>
    <ClCompile Include="D:\workspace_cpp\obs-studio\libobs\obs-audio.c">
      <Filter>libobs\Source Files</Filter>
    </ClCompile>
    <ClCompile Include="D:\workspace_cpp\obs-studio\libobs\obs-video.c">
      <Filter>libobs\Source Files</Filter>
    </ClCompile>
    <ClCompile Include="D:\workspace_cpp\obs-studio\libobs\audio-monitoring\win32\wasapi-output.c">
      <Filter>audio-monitoring\Source Files</Filter>
    </ClCompile>
    <ClCompile Include="D:\workspace_cpp\obs-studio\libobs\audio-monitoring\win32\wasapi-enum-devices.c">
      <Filter>audio-monitoring\Source Files</Filter>
    </ClCompile>
  </ItemGroup>
  <ItemGroup>
    <ClInclude Include="D:\workspace_cpp\obs-studio\build\config\obsconfig.h">
      <Filter>Header Files</Filter>
    </ClInclude>
    <ClInclude Include="D:\workspace_cpp\obs-studio\libobs\obs-config.h">
      <Filter>Header Files</Filter>
    </ClInclude>
    <ClInclude Include="D:\workspace_cpp\obs-studio\libobs\callback\calldata.h">
      <Filter>callback\Header Files</Filter>
    </ClInclude>
    <ClInclude Include="D:\workspace_cpp\obs-studio\libobs\callback\decl.h">
      <Filter>callback\Header Files</Filter>
    </ClInclude>
    <ClInclude Include="D:\workspace_cpp\obs-studio\libobs\callback\proc.h">
      <Filter>callback\Header Files</Filter>
    </ClInclude>
    <ClInclude Include="D:\workspace_cpp\obs-studio\libobs\callback\signal.h">
      <Filter>callback\Header Files</Filter>
    </ClInclude>
    <ClInclude Include="D:\workspace_cpp\obs-studio\libobs\graphics\plane.h">
      <Filter>graphics\Header Files</Filter>
    </ClInclude>
    <ClInclude Include="D:\workspace_cpp\obs-studio\libobs\graphics\quat.h">
      <Filter>graphics\Header Files</Filter>
    </ClInclude>
    <ClInclude Include="D:\workspace_cpp\obs-studio\libobs\graphics\input.h">
      <Filter>graphics\Header Files</Filter>
    </ClInclude>
    <ClInclude Include="D:\workspace_cpp\obs-studio\libobs\graphics\axisang.h">
      <Filter>graphics\Header Files</Filter>
    </ClInclude>
    <ClInclude Include="D:\workspace_cpp\obs-studio\libobs\graphics\shader-parser.h">
      <Filter>graphics\Header Files</Filter>
    </ClInclude>
    <ClInclude Include="D:\workspace_cpp\obs-studio\libobs\graphics\effect.h">
      <Filter>graphics\Header Files</Filter>
    </ClInclude>
    <ClInclude Include="D:\workspace_cpp\obs-studio\libobs\graphics\math-defs.h">
      <Filter>graphics\Header Files</Filter>
    </ClInclude>
    <ClInclude Include="D:\workspace_cpp\obs-studio\libobs\graphics\matrix4.h">
      <Filter>graphics\Header Files</Filter>
    </ClInclude>
    <ClInclude Include="D:\workspace_cpp\obs-studio\libobs\graphics\graphics.h">
      <Filter>graphics\Header Files</Filter>
    </ClInclude>
    <ClInclude Include="D:\workspace_cpp\obs-studio\libobs\graphics\graphics-internal.h">
      <Filter>graphics\Header Files</Filter>
    </ClInclude>
    <ClInclude Include="D:\workspace_cpp\obs-studio\libobs\graphics\libnsgif\libnsgif.h">
      <Filter>graphics\Header Files</Filter>
    </ClInclude>
    <ClInclude Include="D:\workspace_cpp\obs-studio\libobs\graphics\device-exports.h">
      <Filter>graphics\Header Files</Filter>
    </ClInclude>
    <ClInclude Include="D:\workspace_cpp\obs-studio\libobs\graphics\image-file.h">
      <Filter>graphics\Header Files</Filter>
    </ClInclude>
    <ClInclude Include="D:\workspace_cpp\obs-studio\libobs\graphics\vec2.h">
      <Filter>graphics\Header Files</Filter>
    </ClInclude>
    <ClInclude Include="D:\workspace_cpp\obs-studio\libobs\graphics\vec4.h">
      <Filter>graphics\Header Files</Filter>
    </ClInclude>
    <ClInclude Include="D:\workspace_cpp\obs-studio\libobs\graphics\matrix3.h">
      <Filter>graphics\Header Files</Filter>
    </ClInclude>
    <ClInclude Include="D:\workspace_cpp\obs-studio\libobs\graphics\vec3.h">
      <Filter>graphics\Header Files</Filter>
    </ClInclude>
    <ClInclude Include="D:\workspace_cpp\obs-studio\libobs\graphics\math-extra.h">
      <Filter>graphics\Header Files</Filter>
    </ClInclude>
    <ClInclude Include="D:\workspace_cpp\obs-studio\libobs\graphics\bounds.h">
      <Filter>graphics\Header Files</Filter>
    </ClInclude>
    <ClInclude Include="D:\workspace_cpp\obs-studio\libobs\graphics\effect-parser.h">
      <Filter>graphics\Header Files</Filter>
    </ClInclude>
    <ClInclude Include="D:\workspace_cpp\obs-studio\libobs\media-io\media-io-defs.h">
      <Filter>media-io\Header Files</Filter>
    </ClInclude>
    <ClInclude Include="D:\workspace_cpp\obs-studio\libobs\media-io\video-io.h">
      <Filter>media-io\Header Files</Filter>
    </ClInclude>
    <ClInclude Include="D:\workspace_cpp\obs-studio\libobs\media-io\audio-io.h">
      <Filter>media-io\Header Files</Filter>
    </ClInclude>
    <ClInclude Include="D:\workspace_cpp\obs-studio\libobs\media-io\audio-math.h">
      <Filter>media-io\Header Files</Filter>
    </ClInclude>
    <ClInclude Include="D:\workspace_cpp\obs-studio\libobs\media-io\video-frame.h">
      <Filter>media-io\Header Files</Filter>
    </ClInclude>
    <ClInclude Include="D:\workspace_cpp\obs-studio\libobs\media-io\format-conversion.h">
      <Filter>media-io\Header Files</Filter>
    </ClInclude>
    <ClInclude Include="D:\workspace_cpp\obs-studio\libobs\media-io\audio-resampler.h">
      <Filter>media-io\Header Files</Filter>
    </ClInclude>
    <ClInclude Include="D:\workspace_cpp\obs-studio\libobs\media-io\video-scaler.h">
      <Filter>media-io\Header Files</Filter>
    </ClInclude>
    <ClInclude Include="D:\workspace_cpp\obs-studio\libobs\media-io\media-remux.h">
      <Filter>media-io\Header Files</Filter>
    </ClInclude>
    <ClInclude Include="D:\workspace_cpp\obs-studio\libobs\media-io\frame-rate.h">
      <Filter>media-io\Header Files</Filter>
    </ClInclude>
    <ClInclude Include="D:\workspace_cpp\obs-studio\libobs\util\array-serializer.h">
      <Filter>util\Header Files</Filter>
    </ClInclude>
    <ClInclude Include="D:\workspace_cpp\obs-studio\libobs\util\file-serializer.h">
      <Filter>util\Header Files</Filter>
    </ClInclude>
    <ClInclude Include="D:\workspace_cpp\obs-studio\libobs\util\utf8.h">
      <Filter>util\Header Files</Filter>
    </ClInclude>
    <ClInclude Include="D:\workspace_cpp\obs-studio\libobs\util\crc32.h">
      <Filter>util\Header Files</Filter>
    </ClInclude>
    <ClInclude Include="D:\workspace_cpp\obs-studio\libobs\util\base.h">
      <Filter>util\Header Files</Filter>
    </ClInclude>
    <ClInclude Include="D:\workspace_cpp\obs-studio\libobs\util\text-lookup.h">
      <Filter>util\Header Files</Filter>
    </ClInclude>
    <ClInclude Include="D:\workspace_cpp\obs-studio\libobs\util\vc\vc_inttypes.h">
      <Filter>util\Header Files</Filter>
    </ClInclude>
    <ClInclude Include="D:\workspace_cpp\obs-studio\libobs\util\vc\vc_stdbool.h">
      <Filter>util\Header Files</Filter>
    </ClInclude>
    <ClInclude Include="D:\workspace_cpp\obs-studio\libobs\util\vc\vc_stdint.h">
      <Filter>util\Header Files</Filter>
    </ClInclude>
    <ClInclude Include="D:\workspace_cpp\obs-studio\libobs\util\bmem.h">
      <Filter>util\Header Files</Filter>
    </ClInclude>
    <ClInclude Include="D:\workspace_cpp\obs-studio\libobs\util\c99defs.h">
      <Filter>util\Header Files</Filter>
    </ClInclude>
    <ClInclude Include="D:\workspace_cpp\obs-studio\libobs\util\util_uint128.h">
      <Filter>util\Header Files</Filter>
    </ClInclude>
    <ClInclude Include="D:\workspace_cpp\obs-studio\libobs\util\cf-parser.h">
      <Filter>util\Header Files</Filter>
    </ClInclude>
    <ClInclude Include="D:\workspace_cpp\obs-studio\libobs\util\threading.h">
      <Filter>util\Header Files</Filter>
    </ClInclude>
    <ClInclude Include="D:\workspace_cpp\obs-studio\libobs\util\pipe.h">
      <Filter>util\Header Files</Filter>
    </ClInclude>
    <ClInclude Include="D:\workspace_cpp\obs-studio\libobs\util\cf-lexer.h">
      <Filter>util\Header Files</Filter>
    </ClInclude>
    <ClInclude Include="D:\workspace_cpp\obs-studio\libobs\util\darray.h">
      <Filter>util\Header Files</Filter>
    </ClInclude>
    <ClInclude Include="D:\workspace_cpp\obs-studio\libobs\util\circlebuf.h">
      <Filter>util\Header Files</Filter>
    </ClInclude>
    <ClInclude Include="D:\workspace_cpp\obs-studio\libobs\util\dstr.h">
      <Filter>util\Header Files</Filter>
    </ClInclude>
    <ClInclude Include="D:\workspace_cpp\obs-studio\libobs\util\serializer.h">
      <Filter>util\Header Files</Filter>
    </ClInclude>
    <ClInclude Include="D:\workspace_cpp\obs-studio\libobs\util\config-file.h">
      <Filter>util\Header Files</Filter>
    </ClInclude>
    <ClInclude Include="D:\workspace_cpp\obs-studio\libobs\util\lexer.h">
      <Filter>util\Header Files</Filter>
    </ClInclude>
    <ClInclude Include="D:\workspace_cpp\obs-studio\libobs\util\platform.h">
      <Filter>util\Header Files</Filter>
    </ClInclude>
    <ClInclude Include="D:\workspace_cpp\obs-studio\libobs\util\profiler.h">
      <Filter>util\Header Files</Filter>
    </ClInclude>
    <ClInclude Include="D:\workspace_cpp\obs-studio\libobs\util\profiler.hpp">
      <Filter>util\Header Files</Filter>
    </ClInclude>
    <ClInclude Include="D:\workspace_cpp\obs-studio\libobs\util\threading-windows.h">
      <Filter>libobs\Header Files</Filter>
    </ClInclude>
    <ClInclude Include="D:\workspace_cpp\obs-studio\libobs\util\windows\win-version.h">
      <Filter>libobs\Header Files</Filter>
    </ClInclude>
    <ClInclude Include="D:\workspace_cpp\obs-studio\libobs\util\windows\ComPtr.hpp">
      <Filter>libobs\Header Files</Filter>
    </ClInclude>
    <ClInclude Include="D:\workspace_cpp\obs-studio\libobs\util\windows\CoTaskMemPtr.hpp">
      <Filter>libobs\Header Files</Filter>
    </ClInclude>
    <ClInclude Include="D:\workspace_cpp\obs-studio\libobs\util\windows\HRError.hpp">
      <Filter>libobs\Header Files</Filter>
    </ClInclude>
    <ClInclude Include="D:\workspace_cpp\obs-studio\libobs\util\windows\WinHandle.hpp">
      <Filter>libobs\Header Files</Filter>
    </ClInclude>
    <ClInclude Include="D:\workspace_cpp\obs-studio\libobs\obs-audio-controls.h">
      <Filter>libobs\Header Files</Filter>
    </ClInclude>
    <ClInclude Include="D:\workspace_cpp\obs-studio\libobs\obs-defs.h">
      <Filter>libobs\Header Files</Filter>
    </ClInclude>
    <ClInclude Include="D:\workspace_cpp\obs-studio\libobs\obs-avc.h">
      <Filter>libobs\Header Files</Filter>
    </ClInclude>
    <ClInclude Include="D:\workspace_cpp\obs-studio\libobs\obs-encoder.h">
      <Filter>libobs\Header Files</Filter>
    </ClInclude>
    <ClInclude Include="D:\workspace_cpp\obs-studio\libobs\obs-service.h">
      <Filter>libobs\Header Files</Filter>
    </ClInclude>
    <ClInclude Include="D:\workspace_cpp\obs-studio\libobs\obs-internal.h">
      <Filter>libobs\Header Files</Filter>
    </ClInclude>
    <ClInclude Include="D:\workspace_cpp\obs-studio\libobs\obs.h">
      <Filter>libobs\Header Files</Filter>
    </ClInclude>
    <ClInclude Include="D:\workspace_cpp\obs-studio\libobs\obs-ui.h">
      <Filter>libobs\Header Files</Filter>
    </ClInclude>
    <ClInclude Include="D:\workspace_cpp\obs-studio\libobs\obs-properties.h">
      <Filter>libobs\Header Files</Filter>
    </ClInclude>
    <ClInclude Include="D:\workspace_cpp\obs-studio\libobs\obs-data.h">
      <Filter>libobs\Header Files</Filter>
    </ClInclude>
    <ClInclude Include="D:\workspace_cpp\obs-studio\libobs\obs-interaction.h">
      <Filter>libobs\Header Files</Filter>
    </ClInclude>
    <ClInclude Include="D:\workspace_cpp\obs-studio\libobs\obs-hotkey.h">
      <Filter>libobs\Header Files</Filter>
    </ClInclude>
    <ClInclude Include="D:\workspace_cpp\obs-studio\libobs\obs-hotkeys.h">
      <Filter>libobs\Header Files</Filter>
    </ClInclude>
    <ClInclude Include="D:\workspace_cpp\obs-studio\libobs\obs-module.h">
      <Filter>libobs\Header Files</Filter>
    </ClInclude>
    <ClInclude Include="D:\workspace_cpp\obs-studio\libobs\obs-scene.h">
      <Filter>libobs\Header Files</Filter>
    </ClInclude>
    <ClInclude Include="D:\workspace_cpp\obs-studio\libobs\obs-source.h">
      <Filter>libobs\Header Files</Filter>
    </ClInclude>
    <ClInclude Include="D:\workspace_cpp\obs-studio\libobs\obs-output.h">
      <Filter>libobs\Header Files</Filter>
    </ClInclude>
    <ClInclude Include="D:\workspace_cpp\obs-studio\libobs\obs-ffmpeg-compat.h">
      <Filter>libobs\Header Files</Filter>
    </ClInclude>
    <ClInclude Include="D:\workspace_cpp\obs-studio\libobs\obs.hpp">
      <Filter>libobs\Header Files</Filter>
    </ClInclude>
    <ClInclude Include="D:\workspace_cpp\obs-studio\libobs\audio-monitoring\win32\wasapi-output.h">
      <Filter>audio-monitoring\Header Files</Filter>
    </ClInclude>
  </ItemGroup>
  <ItemGroup>
    <CustomBuild Include="D:\workspace_cpp\obs-studio\libobs\CMakeLists.txt" />
  </ItemGroup>
  <ItemGroup>
    <Filter Include="Header Files">
      <UniqueIdentifier>{E13042BC-D98A-35FB-A2D1-9A8ACA1592A7}</UniqueIdentifier>
    </Filter>
    <Filter Include="callback">
      <UniqueIdentifier>{FCF90B76-1C15-3F18-A816-FDE810C6D9EB}</UniqueIdentifier>
    </Filter>
    <Filter Include="graphics">
      <UniqueIdentifier>{CD901094-77BA-3967-B8AF-8AABABE5BBEA}</UniqueIdentifier>
    </Filter>
    <Filter Include="libobs">
      <UniqueIdentifier>{306FFDC8-089A-303B-9816-6AA29D2D849F}</UniqueIdentifier>
    </Filter>
    <Filter Include="media-io">
      <UniqueIdentifier>{B34F1BAD-CE5B-33BD-82A3-D2DD6700E37A}</UniqueIdentifier>
    </Filter>
    <Filter Include="util">
      <UniqueIdentifier>{B6DC14B5-870C-3B64-8471-BDA619198004}</UniqueIdentifier>
    </Filter>
    <Filter Include="audio-monitoring">
      <UniqueIdentifier>{E725F2BF-CE39-3087-A4E7-7B4E1D198398}</UniqueIdentifier>
    </Filter>
    <Filter Include="callback\Source Files">
      <UniqueIdentifier>{5745824F-88E7-3D1C-8EC9-B439A27AE146}</UniqueIdentifier>
    </Filter>
    <Filter Include="callback\Header Files">
      <UniqueIdentifier>{931F3646-653F-3B00-B6AA-3D0721C9C69C}</UniqueIdentifier>
    </Filter>
    <Filter Include="graphics\Source Files">
      <UniqueIdentifier>{939EAF8B-0EA7-3179-9FA5-56BA38BA81CF}</UniqueIdentifier>
    </Filter>
    <Filter Include="graphics\Header Files">
      <UniqueIdentifier>{BCB3339E-C8CE-3566-B990-414B6BFDA6D6}</UniqueIdentifier>
    </Filter>
    <Filter Include="libobs\Source Files">
      <UniqueIdentifier>{41339C1D-00CB-35A3-A2E4-BEEAF890A33E}</UniqueIdentifier>
    </Filter>
    <Filter Include="libobs\Header Files">
      <UniqueIdentifier>{3594223D-6A16-3863-9935-8F1A90AF9786}</UniqueIdentifier>
    </Filter>
    <Filter Include="media-io\Source Files">
      <UniqueIdentifier>{41D1C6EB-F2B8-3B5D-95A4-72FBCF442AEF}</UniqueIdentifier>
    </Filter>
    <Filter Include="media-io\Header Files">
      <UniqueIdentifier>{D589E0BD-85F2-3B40-994C-5CB615C696F3}</UniqueIdentifier>
    </Filter>
    <Filter Include="util\Source Files">
      <UniqueIdentifier>{513752DE-DD51-3F14-8E26-ABC59E3072BD}</UniqueIdentifier>
    </Filter>
    <Filter Include="util\Header Files">
      <UniqueIdentifier>{75F24FFA-950C-3E49-8FB6-84778039BD1A}</UniqueIdentifier>
    </Filter>
    <Filter Include="audio-monitoring\Source Files">
      <UniqueIdentifier>{423A2F42-B9D1-3102-8EA2-0149A9F8315D}</UniqueIdentifier>
    </Filter>
    <Filter Include="audio-monitoring\Header Files">
      <UniqueIdentifier>{7725F33B-E0A4-30A4-BBF8-AD574CD22CAD}</UniqueIdentifier>
    </Filter>
  </ItemGroup>
</Project>
